{
  "name": "demonode",
  "version": "1.0.0",
  "lockfileVersion": 1,
  "requires": true,
  "dependencies": {
    "Express": {
      "version": "3.0.1",
      "resolved": "https://registry.npmjs.org/Express/-/Express-3.0.1.tgz",
      "integrity": "sha1-5k73yzdoSmn8ItQRHd3kSYiWSWo="
    },
    "bootstrap": {
      "version": "4.1.3",
      "resolved": "https://registry.npmjs.org/bootstrap/-/bootstrap-4.1.3.tgz",
      "integrity": "sha512-rDFIzgXcof0jDyjNosjv4Sno77X4KuPeFxG2XZZv1/Kc8DRVGVADdoQyyOVDwPqL36DDmtCQbrpMCqvpPLJQ0w=="
    },
    "node": {
      "version": "10.8.0",
      "resolved": "https://registry.npmjs.org/node/-/node-10.8.0.tgz",
      "integrity": "sha512-4uoZXeQgkIfGg88Tv0MxSV60n8GoIvkqoDUNfN1IqUStSaXOlqKTfkPDL06mbZhMSV++55Q8ze9JgMC3RF97OA==",
      "requires": {
        "node-bin-setup": "^1.0.0"
      }
    },
    "node-bin-setup": {
      "version": "1.0.6",
      "resolved": "https://registry.npmjs.org/node-bin-setup/-/node-bin-setup-1.0.6.tgz",
      "integrity": "sha512-uPIxXNis1CRbv1DwqAxkgBk5NFV3s7cMN/Gf556jSw6jBvV7ca4F9lRL/8cALcZecRibeqU+5dFYqFFmzv5a0Q=="
    }
  }
}
